
Microsoft Visual Studio Solution File, Format Version 12.00
# Visual Studio 15
VisualStudioVersion = 15.0.28307.1062
MinimumVisualStudioVersion = 10.0.40219.1
Project("{FAE04EC0-301F-11D3-BF4B-00C04F79EFBC}") = "SchoolOperationsApi", "SchoolOperationsApi\SchoolOperationsApi.csproj", "{79637ED0-5A5D-4AFE-889F-C0C9B07CE8F7}"
EndProject
Project("{FAE04EC0-301F-11D3-BF4B-00C04F79EFBC}") = "DatabaseLayer", "DatabaseLayer\DatabaseLayer.csproj", "{FFD51439-E277-4FA7-9B98-2B8B45423F19}"
EndProject
Project("{FAE04EC0-301F-11D3-BF4B-00C04F79EFBC}") = "ServiceLayer", "ServiceLayer\ServiceLayer.csproj", "{C64F92F2-F7A2-468D-A7F1-3FE48AB9292E}"
EndProject
Project("{FAE04EC0-301F-11D3-BF4B-00C04F79EFBC}") = "DTOs", "DTOs\DTOs.csproj", "{684ADF0C-AF81-42A4-A885-BAC74C465726}"
EndProject
Global
	GlobalSection(SolutionConfigurationPlatforms) = preSolution
		Debug|Any CPU = Debug|Any CPU
		Release|Any CPU = Release|Any CPU
	EndGlobalSection
	GlobalSection(ProjectConfigurationPlatforms) = postSolution
		{79637ED0-5A5D-4AFE-889F-C0C9B07CE8F7}.Debug|Any CPU.ActiveCfg = Debug|Any CPU
		{79637ED0-5A5D-4AFE-889F-C0C9B07CE8F7}.Debug|Any CPU.Build.0 = Debug|Any CPU
		{79637ED0-5A5D-4AFE-889F-C0C9B07CE8F7}.Release|Any CPU.ActiveCfg = Release|Any CPU
		{79637ED0-5A5D-4AFE-889F-C0C9B07CE8F7}.Release|Any CPU.Build.0 = Release|Any CPU
		{FFD51439-E277-4FA7-9B98-2B8B45423F19}.Debug|Any CPU.ActiveCfg = Debug|Any CPU
		{FFD51439-E277-4FA7-9B98-2B8B45423F19}.Debug|Any CPU.Build.0 = Debug|Any CPU
		{FFD51439-E277-4FA7-9B98-2B8B45423F19}.Release|Any CPU.ActiveCfg = Release|Any CPU
		{FFD51439-E277-4FA7-9B98-2B8B45423F19}.Release|Any CPU.Build.0 = Release|Any CPU
		{C64F92F2-F7A2-468D-A7F1-3FE48AB9292E}.Debug|Any CPU.ActiveCfg = Debug|Any CPU
		{C64F92F2-F7A2-468D-A7F1-3FE48AB9292E}.Debug|Any CPU.Build.0 = Debug|Any CPU
		{C64F92F2-F7A2-468D-A7F1-3FE48AB9292E}.Release|Any CPU.ActiveCfg = Release|Any CPU
		{C64F92F2-F7A2-468D-A7F1-3FE48AB9292E}.Release|Any CPU.Build.0 = Release|Any CPU
		{684ADF0C-AF81-42A4-A885-BAC74C465726}.Debug|Any CPU.ActiveCfg = Debug|Any CPU
		{684ADF0C-AF81-42A4-A885-BAC74C465726}.Debug|Any CPU.Build.0 = Debug|Any CPU
		{684ADF0C-AF81-42A4-A885-BAC74C465726}.Release|Any CPU.ActiveCfg = Release|Any CPU
		{684ADF0C-AF81-42A4-A885-BAC74C465726}.Release|Any CPU.Build.0 = Release|Any CPU
	EndGlobalSection
	GlobalSection(SolutionProperties) = preSolution
		HideSolutionNode = FALSE
	EndGlobalSection
	GlobalSection(ExtensibilityGlobals) = postSolution
		SolutionGuid = {7385879C-6AA2-4FDE-8F42-8A62251D4296}
	EndGlobalSection
EndGlobal
